// !$*UTF8*$!
{
	archiveVersion = 1;
	classes = {
	};
	objectVersion = 50;
	objects = {

/* Begin PBXBuildFile section */
		A3A18D4023004AAC009A1B3D /* main.m in Sources */ = {isa = PBXBuildFile; fileRef = A3A18D3F23004AAC009A1B3D /* main.m */; };
		A3A18DA7230053FF009A1B3D /* InputCollecto.m in Sources */ = {isa = PBXBuildFile; fileRef = A3A18DA6230053FF009A1B3D /* InputCollecto.m */; };
		A3A18DAA2300545B009A1B3D /* ContactList.m in Sources */ = {isa = PBXBuildFile; fileRef = A3A18DA92300545B009A1B3D /* ContactList.m */; };
		A3A18DAD230054B7009A1B3D /* Contact.m in Sources */ = {isa = PBXBuildFile; fileRef = A3A18DAC230054B7009A1B3D /* Contact.m */; };
/* End PBXBuildFile section */

/* Begin PBXCopyFilesBuildPhase section */
		A3A18D3A23004AAC009A1B3D /* CopyFiles */ = {
			isa = PBXCopyFilesBuildPhase;
			buildActionMask = 2147483647;
			dstPath = /usr/share/man/man1/;
			dstSubfolderSpec = 0;
			files = (
			);
			runOnlyForDeploymentPostprocessing = 1;
		};
/* End PBXCopyFilesBuildPhase section */

/* Begin PBXFileReference section */
		A3A18D3C23004AAC009A1B3D /* Lab4_ContactList */ = {isa = PBXFileReference; explicitFileType = "compiled.mach-o.executable"; includeInIndex = 0; path = Lab4_ContactList; sourceTree = BUILT_PRODUCTS_DIR; };
		A3A18D3F23004AAC009A1B3D /* main.m */ = {isa = PBXFileReference; lastKnownFileType = sourcecode.c.objc; path = main.m; sourceTree = "<group>"; };
		A3A18DA5230053FF009A1B3D /* InputCollecto.h */ = {isa = PBXFileReference; lastKnownFileType = sourcecode.c.h; path = InputCollecto.h; sourceTree = "<group>"; };
		A3A18DA6230053FF009A1B3D /* InputCollecto.m */ = {isa = PBXFileReference; lastKnownFileType = sourcecode.c.objc; path = InputCollecto.m; sourceTree = "<group>"; };
		A3A18DA82300545B009A1B3D /* ContactList.h */ = {isa = PBXFileReference; lastKnownFileType = sourcecode.c.h; path = ContactList.h; sourceTree = "<group>"; };
		A3A18DA92300545B009A1B3D /* ContactList.m */ = {isa = PBXFileReference; lastKnownFileType = sourcecode.c.objc; path = ContactList.m; sourceTree = "<group>"; };
		A3A18DAB230054B7009A1B3D /* Contact.h */ = {isa = PBXFileReference; lastKnownFileType = sourcecode.c.h; path = Contact.h; sourceTree = "<group>"; };
		A3A18DAC230054B7009A1B3D /* Contact.m */ = {isa = PBXFileReference; lastKnownFileType = sourcecode.c.objc; path = Contact.m; sourceTree = "<group>"; };
/* End PBXFileReference section */

/* Begin PBXFrameworksBuildPhase section */
		A3A18D3923004AAC009A1B3D /* Frameworks */ = {
			isa = PBXFrameworksBuildPhase;
			buildActionMask = 2147483647;
			files = (
			);
			runOnlyForDeploymentPostprocessing = 0;
		};
/* End PBXFrameworksBuildPhase section */

/* Begin PBXGroup section */
		A3A18D3323004AAC009A1B3D = {
			isa = PBXGroup;
			children = (
				A3A18D3E23004AAC009A1B3D /* Lab4_ContactList */,
				A3A18D3D23004AAC009A1B3D /* Products */,
			);
			sourceTree = "<group>";
		};
		A3A18D3D23004AAC009A1B3D /* Products */ = {
			isa = PBXGroup;
			children = (
				A3A18D3C23004AAC009A1B3D /* Lab4_ContactList */,
			);
			name = Products;
			sourceTree = "<group>";
		};
		A3A18D3E23004AAC009A1B3D /* Lab4_ContactList */ = {
			isa = PBXGroup;
			children = (
				A3A18D3F23004AAC009A1B3D /* main.m */,
				A3A18DA5230053FF009A1B3D /* InputCollecto.h */,
				A3A18DA6230053FF009A1B3D /* InputCollecto.m */,
				A3A18DA82300545B009A1B3D /* ContactList.h */,
				A3A18DA92300545B009A1B3D /* ContactList.m */,
				A3A18DAB230054B7009A1B3D /* Contact.h */,
				A3A18DAC230054B7009A1B3D /* Contact.m */,
			);
			path = Lab4_ContactList;
			sourceTree = "<group>";
		};
/* End PBXGroup section */

/* Begin PBXNativeTarget section */
		A3A18D3B23004AAC009A1B3D /* Lab4_ContactList */ = {
			isa = PBXNativeTarget;
			buildConfigurationList = A3A18D4323004AAC009A1B3D /* Build configuration list for PBXNativeTarget "Lab4_ContactList" */;
			buildPhases = (
				A3A18D3823004AAC009A1B3D /* Sources */,
				A3A18D3923004AAC009A1B3D /* Frameworks */,
				A3A18D3A23004AAC009A1B3D /* CopyFiles */,
			);
			buildRules = (
			);
			dependencies = (
			);
			name = Lab4_ContactList;
			productName = Lab4_ContactList;
			productReference = A3A18D3C23004AAC009A1B3D /* Lab4_ContactList */;
			productType = "com.apple.product-type.tool";
		};
/* End PBXNativeTarget section */

/* Begin PBXProject section */
		A3A18D3423004AAC009A1B3D /* Project object */ = {
			isa = PBXProject;
			attributes = {
				LastUpgradeCheck = 1030;
				ORGANIZATIONNAME = grace;
				TargetAttributes = {
					A3A18D3B23004AAC009A1B3D = {
						CreatedOnToolsVersion = 10.3;
					};
				};
			};
			buildConfigurationList = A3A18D3723004AAC009A1B3D /* Build configuration list for PBXProject "Lab4_ContactList" */;
			compatibilityVersion = "Xcode 9.3";
			developmentRegion = en;
			hasScannedForEncodings = 0;
			knownRegions = (
				en,
			);
			mainGroup = A3A18D3323004AAC009A1B3D;
			productRefGroup = A3A18D3D23004AAC009A1B3D /* Products */;
			projectDirPath = "";
			projectRoot = "";
			targets = (
				A3A18D3B23004AAC009A1B3D /* Lab4_ContactList */,
			);
		};
/* End PBXProject section */

/* Begin PBXSourcesBuildPhase section */
		A3A18D3823004AAC009A1B3D /* Sources */ = {
			isa = PBXSourcesBuildPhase;
			buildActionMask = 2147483647;
			files = (
				A3A18DAD230054B7009A1B3D /* Contact.m in Sources */,
				A3A18DAA2300545B009A1B3D /* ContactList.m in Sources */,
				A3A18D4023004AAC009A1B3D /* main.m in Sources */,
				A3A18DA7230053FF009A1B3D /* InputCollecto.m in Sources */,
			);
			runOnlyForDeploymentPostprocessing = 0;
		};
/* End PBXSourcesBuildPhase section */

/* Begin XCBuildConfiguration section */
		A3A18D4123004AAC009A1B3D /* Debug */ = {
			isa = XCBuildConfiguration;
			buildSettings = {
				ALWAYS_SEARCH_USER_PATHS = NO;
				CLANG_ANALYZER_NONNULL = YES;
				CLANG_ANALYZER_NUMBER_OBJECT_CONVERSION = YES_AGGRESSIVE;
				CLANG_CXX_LANGUAGE_STANDARD = "gnu++14";
				CLANG_CXX_LIBRARY = "libc++";
				CLANG_ENABLE_MODULES = YES;
				CLANG_ENABLE_OBJC_ARC = YES;
				CLANG_ENABLE_OBJC_WEAK = YES;
				CLANG_WARN_BLOCK_CAPTURE_AUTORELEASING = YES;
				CLANG_WARN_BOOL_CONVERSION = YES;
				CLANG_WARN_COMMA = YES;
				CLANG_WARN_CONSTANT_CONVERSION = YES;
				CLANG_WARN_DEPRECATED_OBJC_IMPLEMENTATIONS = YES;
				CLANG_WARN_DIRECT_OBJC_ISA_USAGE = YES_ERROR;
				CLANG_WARN_DOCUMENTATION_COMMENTS = YES;
				CLANG_WARN_EMPTY_BODY = YES;
				CLANG_WARN_ENUM_CONVERSION = YES;
				CLANG_WARN_INFINITE_RECURSION = YES;
				CLANG_WARN_INT_CONVERSION = YES;
				CLANG_WARN_NON_LITERAL_NULL_CONVERSION = YES;
				CLANG_WARN_OBJC_IMPLICIT_RETAIN_SELF = YES;
				CLANG_WARN_OBJC_LITERAL_CONVERSION = YES;
				CLANG_WARN_OBJC_ROOT_CLASS = YES_ERROR;
				CLANG_WARN_RANGE_LOOP_ANALYSIS = YES;
				CLANG_WARN_STRICT_PROTOTYPES = YES;
				CLANG_WARN_SUSPICIOUS_MOVE = YES;
				CLANG_WARN_UNGUARDED_AVAILABILITY = YES_AGGRESSIVE;
				CLANG_WARN_UNREACHABLE_CODE = YES;
				CLANG_WARN__DUPLICATE_METHOD_MATCH = YES;
				CODE_SIGN_IDENTITY = "-";
				COPY_PHASE_STRIP = NO;
				DEBUG_INFORMATION_FORMAT = dwarf;
				ENABLE_STRICT_OBJC_MSGSEND = YES;
				ENABLE_TESTABILITY = YES;
				GCC_C_LANGUAGE_STANDARD = gnu11;
				GCC_DYNAMIC_NO_PIC = NO;
				GCC_NO_COMMON_BLOCKS = YES;
				GCC_OPTIMIZATION_LEVEL = 0;
				GCC_PREPROCESSOR_DEFINITIONS = (
					"DEBUG=1",
					"$(inherited)",
				);
				GCC_WARN_64_TO_32_BIT_CONVERSION = YES;
				GCC_WARN_ABOUT_RETURN_TYPE = YES_ERROR;
				GCC_WARN_UNDECLARED_SELECTOR = YES;
				GCC_WARN_UNINITIALIZED_AUTOS = YES_AGGRESSIVE;
				GCC_WARN_UNUSED_FUNCTION = YES;
				GCC_WARN_UNUSED_VARIABLE = YES;
				MACOSX_DEPLOYMENT_TARGET = 10.14;
				MTL_ENABLE_DEBUG_INFO = INCLUDE_SOURCE;
				MTL_FAST_MATH = YES;
				ONLY_ACTIVE_ARCH = YES;
				SDKROOT = macosx;
			};
			name = Debug;
		};
		A3A18D4223004AAC009A1B3D /* Release */ = {
			isa = XCBuildConfiguration;
			buildSettings = {
				ALWAYS_SEARCH_USER_PATHS = NO;
				CLANG_ANALYZER_NONNULL = YES;
				CLANG_ANALYZER_NUMBER_OBJECT_CONVERSION = YES_AGGRESSIVE;
				CLANG_CXX_LANGUAGE_STANDARD = "gnu++14";
				CLANG_CXX_LIBRARY = "libc++";
				CLANG_ENABLE_MODULES = YES;
				CLANG_ENABLE_OBJC_ARC = YES;
				CLANG_ENABLE_OBJC_WEAK = YES;
				CLANG_WARN_BLOCK_CAPTURE_AUTORELEASING = YES;
				CLANG_WARN_BOOL_CONVERSION = YES;
				CLANG_WARN_COMMA = YES;
				CLANG_WARN_CONSTANT_CONVERSION = YES;
				CLANG_WARN_DEPRECATED_OBJC_IMPLEMENTATIONS = YES;
				CLANG_WARN_DIRECT_OBJC_ISA_USAGE = YES_ERROR;
				CLANG_WARN_DOCUMENTATION_COMMENTS = YES;
				CLANG_WARN_EMPTY_BODY = YES;
				CLANG_WARN_ENUM_CONVERSION = YES;
				CLANG_WARN_INFINITE_RECURSION = YES;
				CLANG_WARN_INT_CONVERSION = YES;
				CLANG_WARN_NON_LITERAL_NULL_CONVERSION = YES;
				CLANG_WARN_OBJC_IMPLICIT_RETAIN_SELF = YES;
				CLANG_WARN_OBJC_LITERAL_CONVERSION = YES;
				CLANG_WARN_OBJC_ROOT_CLASS = YES_ERROR;
				CLANG_WARN_RANGE_LOOP_ANALYSIS = YES;
				CLANG_WARN_STRICT_PROTOTYPES = YES;
				CLANG_WARN_SUSPICIOUS_MOVE = YES;
				CLANG_WARN_UNGUARDED_AVAILABILITY = YES_AGGRESSIVE;
				CLANG_WARN_UNREACHABLE_CODE = YES;
				CLANG_WARN__DUPLICATE_METHOD_MATCH = YES;
				CODE_SIGN_IDENTITY = "-";
				COPY_PHASE_STRIP = NO;
				DEBUG_INFORMATION_FORMAT = "dwarf-with-dsym";
				ENABLE_NS_ASSERTIONS = NO;
				ENABLE_STRICT_OBJC_MSGSEND = YES;
				GCC_C_LANGUAGE_STANDARD = gnu11;
				GCC_NO_COMMON_BLOCKS = YES;
				GCC_WARN_64_TO_32_BIT_CONVERSION = YES;
				GCC_WARN_ABOUT_RETURN_TYPE = YES_ERROR;
				GCC_WARN_UNDECLARED_SELECTOR = YES;
				GCC_WARN_UNINITIALIZED_AUTOS = YES_AGGRESSIVE;
				GCC_WARN_UNUSED_FUNCTION = YES;
				GCC_WARN_UNUSED_VARIABLE = YES;
				MACOSX_DEPLOYMENT_TARGET = 10.14;
				MTL_ENABLE_DEBUG_INFO = NO;
				MTL_FAST_MATH = YES;
				SDKROOT = macosx;
			};
			name = Release;
		};
		A3A18D4423004AAC009A1B3D /* Debug */ = {
			isa = XCBuildConfiguration;
			buildSettings = {
				CODE_SIGN_STYLE = Automatic;
				PRODUCT_NAME = "$(TARGET_NAME)";
			};
			name = Debug;
		};
		A3A18D4523004AAC009A1B3D /* Release */ = {
			isa = XCBuildConfiguration;
			buildSettings = {
				CODE_SIGN_STYLE = Automatic;
				PRODUCT_NAME = "$(TARGET_NAME)";
			};
			name = Release;
		};
/* End XCBuildConfiguration section */

/* Begin XCConfigurationList section */
		A3A18D3723004AAC009A1B3D /* Build configuration list for PBXProject "Lab4_ContactList" */ = {
			isa = XCConfigurationList;
			buildConfigurations = (
				A3A18D4123004AAC009A1B3D /* Debug */,
				A3A18D4223004AAC009A1B3D /* Release */,
			);
			defaultConfigurationIsVisible = 0;
			defaultConfigurationName = Release;
		};
		A3A18D4323004AAC009A1B3D /* Build configuration list for PBXNativeTarget "Lab4_ContactList" */ = {
			isa = XCConfigurationList;
			buildConfigurations = (
				A3A18D4423004AAC009A1B3D /* Debug */,
				A3A18D4523004AAC009A1B3D /* Release */,
			);
			defaultConfigurationIsVisible = 0;
			defaultConfigurationName = Release;
		};
/* End XCConfigurationList section */
	};
	rootObject = A3A18D3423004AAC009A1B3D /* Project object */;
}
